
Microsoft Visual Studio Solution File, Format Version 12.00
# Visual Studio Version 17
VisualStudioVersion = 17.7.34018.315
MinimumVisualStudioVersion = 10.0.40219.1
Project("{FAE04EC0-301F-11D3-BF4B-00C04F79EFBC}") = "UpworkDataAnalysis", "UpworkDataAnalysis\UpworkDataAnalysis.csproj", "{AB318278-3FCC-483F-99F3-1CBE8EB4B6A3}"
EndProject
Global
	GlobalSection(SolutionConfigurationPlatforms) = preSolution
		Debug|Any CPU = Debug|Any CPU
		Release|Any CPU = Release|Any CPU
	EndGlobalSection
	GlobalSection(ProjectConfigurationPlatforms) = postSolution
		{AB318278-3FCC-483F-99F3-1CBE8EB4B6A3}.Debug|Any CPU.ActiveCfg = Debug|Any CPU
		{AB318278-3FCC-483F-99F3-1CBE8EB4B6A3}.Debug|Any CPU.Build.0 = Debug|Any CPU
		{AB318278-3FCC-483F-99F3-1CBE8EB4B6A3}.Release|Any CPU.ActiveCfg = Release|Any CPU
		{AB318278-3FCC-483F-99F3-1CBE8EB4B6A3}.Release|Any CPU.Build.0 = Release|Any CPU
	EndGlobalSection
	GlobalSection(SolutionProperties) = preSolution
		HideSolutionNode = FALSE
	EndGlobalSection
	GlobalSection(ExtensibilityGlobals) = postSolution
		SolutionGuid = {8AC8BA21-C28E-46BB-BD12-74B0966BBC0D}
	EndGlobalSection
EndGlobal
